
Microsoft Visual Studio Solution File, Format Version 12.00
# Visual Studio Version 17
VisualStudioVersion = 17.9.34622.214
MinimumVisualStudioVersion = 10.0.40219.1
Project("{FAE04EC0-301F-11D3-BF4B-00C04F79EFBC}") = "To-Do List", "To-Do List\To-Do List.csproj", "{CF1180F0-FB94-42E7-9FAD-717133D722BF}"
EndProject
Project("{2150E333-8FDC-42A3-9474-1A3956D46DE8}") = "Solution Items", "Solution Items", "{FC59576B-FB17-4ADE-9809-10B4F009C12D}"
	ProjectSection(SolutionItems) = preProject
		.editorconfig = .editorconfig
	EndProjectSection
EndProject
Global
	GlobalSection(SolutionConfigurationPlatforms) = preSolution
		Debug|Any CPU = Debug|Any CPU
		Release|Any CPU = Release|Any CPU
	EndGlobalSection
	GlobalSection(ProjectConfigurationPlatforms) = postSolution
		{CF1180F0-FB94-42E7-9FAD-717133D722BF}.Debug|Any CPU.ActiveCfg = Debug|Any CPU
		{CF1180F0-FB94-42E7-9FAD-717133D722BF}.Debug|Any CPU.Build.0 = Debug|Any CPU
		{CF1180F0-FB94-42E7-9FAD-717133D722BF}.Release|Any CPU.ActiveCfg = Release|Any CPU
		{CF1180F0-FB94-42E7-9FAD-717133D722BF}.Release|Any CPU.Build.0 = Release|Any CPU
	EndGlobalSection
	GlobalSection(SolutionProperties) = preSolution
		HideSolutionNode = FALSE
	EndGlobalSection
	GlobalSection(ExtensibilityGlobals) = postSolution
		SolutionGuid = {2A152F6F-2A78-48CA-A277-23D30154AFC3}
	EndGlobalSection
EndGlobal
